{
  "version": 4,
  "terraform_version": "0.13.2",
  "serial": 117,
  "lineage": "d9e31ed3-5e90-ba93-c90a-781c6a98800c",
  "outputs": {
    "instance_private_ip_addresses": {
      "value": {
        "i-07658ea6d6773b6c8": "172.31.20.243",
        "i-0b132a75911e5571e": "172.31.25.201",
        "i-0c5666ac4bcafdf54": "172.31.19.6"
      },
      "type": [
        "object",
        {
          "i-07658ea6d6773b6c8": "string",
          "i-0b132a75911e5571e": "string",
          "i-0c5666ac4bcafdf54": "string"
        }
      ]
    },
    "instance_public_ip_addresses": {
      "value": {
        "i-07658ea6d6773b6c8": "3.95.241.133",
        "i-0b132a75911e5571e": "54.172.245.65",
        "i-0c5666ac4bcafdf54": "54.197.199.209"
      },
      "type": [
        "object",
        {
          "i-07658ea6d6773b6c8": "string",
          "i-0b132a75911e5571e": "string",
          "i-0c5666ac4bcafdf54": "string"
        }
      ]
    },
    "ips_with_list_in_brackets": {
      "value": [
        [
          "172.31.20.243",
          "3.95.241.133"
        ],
        [
          "172.31.25.201",
          "54.172.245.65"
        ],
        [
          "172.31.19.6",
          "54.197.199.209"
        ]
      ],
      "type": [
        "tuple",
        [
          [
            "list",
            "string"
          ],
          [
            "list",
            "string"
          ],
          [
            "list",
            "string"
          ]
        ]
      ]
    }
  },
  "resources": [
    {
      "mode": "managed",
      "type": "aws_instance",
      "name": "rancher",
      "provider": "provider[\"registry.terraform.io/hashicorp/aws\"]",
      "instances": [
        {
          "index_key": "master",
          "schema_version": 1,
          "attributes": {
            "ami": "ami-0c94855ba95c71c99",
            "arn": "arn:aws:ec2:us-east-1:006739693794:instance/i-07658ea6d6773b6c8",
            "associate_public_ip_address": true,
            "availability_zone": "us-east-1a",
            "cpu_core_count": 2,
            "cpu_threads_per_core": 1,
            "credit_specification": [
              {
                "cpu_credits": "standard"
              }
            ],
            "disable_api_termination": false,
            "ebs_block_device": [],
            "ebs_optimized": false,
            "ephemeral_block_device": [],
            "get_password_data": false,
            "hibernation": false,
            "host_id": null,
            "iam_instance_profile": "",
            "id": "i-07658ea6d6773b6c8",
            "instance_initiated_shutdown_behavior": null,
            "instance_state": "running",
            "instance_type": "t2.medium",
            "ipv6_address_count": 0,
            "ipv6_addresses": [],
            "key_name": "rancher",
            "metadata_options": [
              {
                "http_endpoint": "enabled",
                "http_put_response_hop_limit": 1,
                "http_tokens": "optional"
              }
            ],
            "monitoring": false,
            "network_interface": [],
            "outpost_arn": "",
            "password_data": "",
            "placement_group": "",
            "primary_network_interface_id": "eni-010e8a0d1d352468a",
            "private_dns": "ip-172-31-20-243.ec2.internal",
            "private_ip": "172.31.20.243",
            "public_dns": "ec2-3-95-241-133.compute-1.amazonaws.com",
            "public_ip": "3.95.241.133",
            "root_block_device": [
              {
                "delete_on_termination": true,
                "device_name": "/dev/xvda",
                "encrypted": false,
                "iops": 100,
                "kms_key_id": "",
                "volume_id": "vol-06bc8f676285c53d1",
                "volume_size": 8,
                "volume_type": "gp2"
              }
            ],
            "secondary_private_ips": [],
            "security_groups": [
              "rancher-security-group"
            ],
            "source_dest_check": true,
            "subnet_id": "subnet-0f5a3ecdc0ad75bfd",
            "tags": {
              "Name": "master"
            },
            "tenancy": "default",
            "timeouts": null,
            "user_data": null,
            "user_data_base64": null,
            "volume_tags": {},
            "vpc_security_group_ids": [
              "sg-05ac5019458ffa247"
            ]
          },
          "private": "eyJlMmJmYjczMC1lY2FhLTExZTYtOGY4OC0zNDM2M2JjN2M0YzAiOnsiY3JlYXRlIjo2MDAwMDAwMDAwMDAsImRlbGV0ZSI6MTIwMDAwMDAwMDAwMCwidXBkYXRlIjo2MDAwMDAwMDAwMDB9LCJzY2hlbWFfdmVyc2lvbiI6IjEifQ==",
          "dependencies": [
            "aws_key_pair.rancher",
            "aws_security_group.rancher"
          ]
        },
        {
          "index_key": "worker1",
          "schema_version": 1,
          "attributes": {
            "ami": "ami-0c94855ba95c71c99",
            "arn": "arn:aws:ec2:us-east-1:006739693794:instance/i-0b132a75911e5571e",
            "associate_public_ip_address": true,
            "availability_zone": "us-east-1a",
            "cpu_core_count": 2,
            "cpu_threads_per_core": 1,
            "credit_specification": [
              {
                "cpu_credits": "standard"
              }
            ],
            "disable_api_termination": false,
            "ebs_block_device": [],
            "ebs_optimized": false,
            "ephemeral_block_device": [],
            "get_password_data": false,
            "hibernation": false,
            "host_id": null,
            "iam_instance_profile": "",
            "id": "i-0b132a75911e5571e",
            "instance_initiated_shutdown_behavior": null,
            "instance_state": "running",
            "instance_type": "t2.medium",
            "ipv6_address_count": 0,
            "ipv6_addresses": [],
            "key_name": "rancher",
            "metadata_options": [
              {
                "http_endpoint": "enabled",
                "http_put_response_hop_limit": 1,
                "http_tokens": "optional"
              }
            ],
            "monitoring": false,
            "network_interface": [],
            "outpost_arn": "",
            "password_data": "",
            "placement_group": "",
            "primary_network_interface_id": "eni-0137321cb5e35076b",
            "private_dns": "ip-172-31-25-201.ec2.internal",
            "private_ip": "172.31.25.201",
            "public_dns": "ec2-54-172-245-65.compute-1.amazonaws.com",
            "public_ip": "54.172.245.65",
            "root_block_device": [
              {
                "delete_on_termination": true,
                "device_name": "/dev/xvda",
                "encrypted": false,
                "iops": 100,
                "kms_key_id": "",
                "volume_id": "vol-094cc31c0f6a45e2c",
                "volume_size": 8,
                "volume_type": "gp2"
              }
            ],
            "secondary_private_ips": [],
            "security_groups": [
              "rancher-security-group"
            ],
            "source_dest_check": true,
            "subnet_id": "subnet-0f5a3ecdc0ad75bfd",
            "tags": {
              "Name": "worker1"
            },
            "tenancy": "default",
            "timeouts": null,
            "user_data": null,
            "user_data_base64": null,
            "volume_tags": {},
            "vpc_security_group_ids": [
              "sg-05ac5019458ffa247"
            ]
          },
          "private": "eyJlMmJmYjczMC1lY2FhLTExZTYtOGY4OC0zNDM2M2JjN2M0YzAiOnsiY3JlYXRlIjo2MDAwMDAwMDAwMDAsImRlbGV0ZSI6MTIwMDAwMDAwMDAwMCwidXBkYXRlIjo2MDAwMDAwMDAwMDB9LCJzY2hlbWFfdmVyc2lvbiI6IjEifQ==",
          "dependencies": [
            "aws_key_pair.rancher",
            "aws_security_group.rancher"
          ]
        },
        {
          "index_key": "worker2",
          "schema_version": 1,
          "attributes": {
            "ami": "ami-0c94855ba95c71c99",
            "arn": "arn:aws:ec2:us-east-1:006739693794:instance/i-0c5666ac4bcafdf54",
            "associate_public_ip_address": true,
            "availability_zone": "us-east-1a",
            "cpu_core_count": 2,
            "cpu_threads_per_core": 1,
            "credit_specification": [
              {
                "cpu_credits": "standard"
              }
            ],
            "disable_api_termination": false,
            "ebs_block_device": [],
            "ebs_optimized": false,
            "ephemeral_block_device": [],
            "get_password_data": false,
            "hibernation": false,
            "host_id": null,
            "iam_instance_profile": "",
            "id": "i-0c5666ac4bcafdf54",
            "instance_initiated_shutdown_behavior": null,
            "instance_state": "running",
            "instance_type": "t2.medium",
            "ipv6_address_count": 0,
            "ipv6_addresses": [],
            "key_name": "rancher",
            "metadata_options": [
              {
                "http_endpoint": "enabled",
                "http_put_response_hop_limit": 1,
                "http_tokens": "optional"
              }
            ],
            "monitoring": false,
            "network_interface": [],
            "outpost_arn": "",
            "password_data": "",
            "placement_group": "",
            "primary_network_interface_id": "eni-05c7b0d2b9b4ee918",
            "private_dns": "ip-172-31-19-6.ec2.internal",
            "private_ip": "172.31.19.6",
            "public_dns": "ec2-54-197-199-209.compute-1.amazonaws.com",
            "public_ip": "54.197.199.209",
            "root_block_device": [
              {
                "delete_on_termination": true,
                "device_name": "/dev/xvda",
                "encrypted": false,
                "iops": 100,
                "kms_key_id": "",
                "volume_id": "vol-0486839325b32b621",
                "volume_size": 8,
                "volume_type": "gp2"
              }
            ],
            "secondary_private_ips": [],
            "security_groups": [
              "rancher-security-group"
            ],
            "source_dest_check": true,
            "subnet_id": "subnet-0f5a3ecdc0ad75bfd",
            "tags": {
              "Name": "worker2"
            },
            "tenancy": "default",
            "timeouts": null,
            "user_data": null,
            "user_data_base64": null,
            "volume_tags": {},
            "vpc_security_group_ids": [
              "sg-05ac5019458ffa247"
            ]
          },
          "private": "eyJlMmJmYjczMC1lY2FhLTExZTYtOGY4OC0zNDM2M2JjN2M0YzAiOnsiY3JlYXRlIjo2MDAwMDAwMDAwMDAsImRlbGV0ZSI6MTIwMDAwMDAwMDAwMCwidXBkYXRlIjo2MDAwMDAwMDAwMDB9LCJzY2hlbWFfdmVyc2lvbiI6IjEifQ==",
          "dependencies": [
            "aws_key_pair.rancher",
            "aws_security_group.rancher"
          ]
        }
      ]
    },
    {
      "mode": "managed",
      "type": "aws_key_pair",
      "name": "rancher",
      "provider": "provider[\"registry.terraform.io/hashicorp/aws\"]",
      "instances": [
        {
          "schema_version": 1,
          "attributes": {
            "arn": "arn:aws:ec2:us-east-1:006739693794:key-pair/rancher",
            "fingerprint": "cd:08:7a:f5:4f:87:a0:3a:5b:65:c2:dc:98:8b:8b:22",
            "id": "rancher",
            "key_name": "rancher",
            "key_name_prefix": null,
            "key_pair_id": "key-093ab479ae79c1b82",
            "public_key": "ssh-rsa AAAAB3NzaC1yc2EAAAADAQABAAABgQDluy4HM8c8/hWXSkweEzCBE2aqIZyN96m51sZOn624HumuSMubzITOB7+6HerO73vSvNbzE7nMEZYa2qeHC4A0HWEE0BMdbr1zq/UQCnPhF+dscxjvvyM8UWx/6B78khWs+cIznqIqkdovrIXXvgvEap7ODanDYQ+VC6Zl5+3OLl4Tl0t7YHptG+hBdHq/sS6ffefyH1WNrR+yFPHVaJro4LrZBI87yCiXQFMWflmbbztLKDCwJYtmHI7G2B8GG9mBl8SgRSNU+vBr1lnb8hhKcxl7CZaGOE3dgtRBIlacTzpVCuxMnBWWKbkzh/03ee3k8KyosPycBjVKDPo0T7mrvD90WCsCWbgWtBCjp10iQ4yqj6kso7vCU01ZlLzPgft15SOKqg2raENfJsyzsz7RHM6nNkqcPPSkDk033eHhHDnU3088/7osA8gpZpAeCnXhCmIx6plGkeW/q7YdRkB170igMmWHybDcfC3P+boht1+ti0OfZiXKgDsUKTf3jRc= sysadmin@sarvjeets-mbp.lan",
            "tags": null
          },
          "private": "eyJzY2hlbWFfdmVyc2lvbiI6IjEifQ=="
        }
      ]
    },
    {
      "mode": "managed",
      "type": "aws_security_group",
      "name": "rancher",
      "provider": "provider[\"registry.terraform.io/hashicorp/aws\"]",
      "instances": [
        {
          "schema_version": 1,
          "attributes": {
            "arn": "arn:aws:ec2:us-east-1:006739693794:security-group/sg-05ac5019458ffa247",
            "description": "Allow HTTP, HTTPS and SSH traffic",
            "egress": [
              {
                "cidr_blocks": [
                  "0.0.0.0/0"
                ],
                "description": "",
                "from_port": 0,
                "ipv6_cidr_blocks": [],
                "prefix_list_ids": [],
                "protocol": "-1",
                "security_groups": [],
                "self": false,
                "to_port": 0
              }
            ],
            "id": "sg-05ac5019458ffa247",
            "ingress": [
              {
                "cidr_blocks": [
                  "0.0.0.0/0"
                ],
                "description": "HTTP",
                "from_port": 6443,
                "ipv6_cidr_blocks": [],
                "prefix_list_ids": [],
                "protocol": "tcp",
                "security_groups": [],
                "self": false,
                "to_port": 6443
              },
              {
                "cidr_blocks": [
                  "0.0.0.0/0"
                ],
                "description": "HTTP",
                "from_port": 80,
                "ipv6_cidr_blocks": [],
                "prefix_list_ids": [],
                "protocol": "tcp",
                "security_groups": [],
                "self": false,
                "to_port": 80
              },
              {
                "cidr_blocks": [
                  "0.0.0.0/0"
                ],
                "description": "HTTPS",
                "from_port": 443,
                "ipv6_cidr_blocks": [],
                "prefix_list_ids": [],
                "protocol": "tcp",
                "security_groups": [],
                "self": false,
                "to_port": 443
              },
              {
                "cidr_blocks": [
                  "0.0.0.0/0"
                ],
                "description": "SSH",
                "from_port": 22,
                "ipv6_cidr_blocks": [],
                "prefix_list_ids": [],
                "protocol": "tcp",
                "security_groups": [],
                "self": false,
                "to_port": 22
              },
              {
                "cidr_blocks": [],
                "description": "",
                "from_port": 0,
                "ipv6_cidr_blocks": [],
                "prefix_list_ids": [],
                "protocol": "-1",
                "security_groups": [],
                "self": true,
                "to_port": 0
              }
            ],
            "name": "rancher-security-group",
            "name_prefix": "",
            "owner_id": "006739693794",
            "revoke_rules_on_delete": false,
            "tags": {
              "Name": "terraform"
            },
            "timeouts": null,
            "vpc_id": "vpc-0415ae5dd27dc2995"
          },
          "private": "eyJlMmJmYjczMC1lY2FhLTExZTYtOGY4OC0zNDM2M2JjN2M0YzAiOnsiY3JlYXRlIjo2MDAwMDAwMDAwMDAsImRlbGV0ZSI6NjAwMDAwMDAwMDAwfSwic2NoZW1hX3ZlcnNpb24iOiIxIn0="
        }
      ]
    }
  ]
}
