{
  "version": 4,
  "terraform_version": "0.13.2",
  "serial": 123,
  "lineage": "d9e31ed3-5e90-ba93-c90a-781c6a98800c",
  "outputs": {
    "instance_private_ip_addresses": {
      "value": {
        "i-0441630ea24cc72c8": "172.31.81.255",
        "i-06131db990c01a085": "172.31.89.189",
        "i-0c740ca674424bc73": "172.31.91.9"
      },
      "type": [
        "object",
        {
          "i-0441630ea24cc72c8": "string",
          "i-06131db990c01a085": "string",
          "i-0c740ca674424bc73": "string"
        }
      ]
    },
    "instance_public_ip_addresses": {
      "value": {
        "i-0441630ea24cc72c8": "3.89.75.240",
        "i-06131db990c01a085": "18.234.208.67",
        "i-0c740ca674424bc73": "18.207.209.211"
      },
      "type": [
        "object",
        {
          "i-0441630ea24cc72c8": "string",
          "i-06131db990c01a085": "string",
          "i-0c740ca674424bc73": "string"
        }
      ]
    },
    "ips_with_list_in_brackets": {
      "value": [
        [
          "172.31.89.189",
          "18.234.208.67"
        ],
        [
          "172.31.81.255",
          "3.89.75.240"
        ],
        [
          "172.31.91.9",
          "18.207.209.211"
        ]
      ],
      "type": [
        "tuple",
        [
          [
            "list",
            "string"
          ],
          [
            "list",
            "string"
          ],
          [
            "list",
            "string"
          ]
        ]
      ]
    }
  },
  "resources": [
    {
      "mode": "managed",
      "type": "aws_instance",
      "name": "rancher",
      "provider": "provider[\"registry.terraform.io/hashicorp/aws\"]",
      "instances": [
        {
          "index_key": "master",
          "schema_version": 1,
          "attributes": {
            "ami": "ami-0c94855ba95c71c99",
            "arn": "arn:aws:ec2:us-east-1:925307459448:instance/i-06131db990c01a085",
            "associate_public_ip_address": true,
            "availability_zone": "us-east-1a",
            "cpu_core_count": 2,
            "cpu_threads_per_core": 1,
            "credit_specification": [
              {
                "cpu_credits": "standard"
              }
            ],
            "disable_api_termination": false,
            "ebs_block_device": [],
            "ebs_optimized": false,
            "ephemeral_block_device": [],
            "get_password_data": false,
            "hibernation": false,
            "host_id": null,
            "iam_instance_profile": "",
            "id": "i-06131db990c01a085",
            "instance_initiated_shutdown_behavior": null,
            "instance_state": "running",
            "instance_type": "t2.medium",
            "ipv6_address_count": 0,
            "ipv6_addresses": [],
            "key_name": "rancher",
            "metadata_options": [
              {
                "http_endpoint": "enabled",
                "http_put_response_hop_limit": 1,
                "http_tokens": "optional"
              }
            ],
            "monitoring": false,
            "network_interface": [],
            "outpost_arn": "",
            "password_data": "",
            "placement_group": "",
            "primary_network_interface_id": "eni-0a7458a9330b41c55",
            "private_dns": "ip-172-31-89-189.ec2.internal",
            "private_ip": "172.31.89.189",
            "public_dns": "ec2-18-234-208-67.compute-1.amazonaws.com",
            "public_ip": "18.234.208.67",
            "root_block_device": [
              {
                "delete_on_termination": true,
                "device_name": "/dev/xvda",
                "encrypted": true,
                "iops": 100,
                "kms_key_id": "arn:aws:kms:us-east-1:925307459448:key/296c5d54-7d83-421d-ae76-4e3476d8ed93",
                "volume_id": "vol-04fcc3c25c6a0359e",
                "volume_size": 8,
                "volume_type": "gp2"
              }
            ],
            "secondary_private_ips": [],
            "security_groups": [
              "rancher-security-group"
            ],
            "source_dest_check": true,
            "subnet_id": "subnet-0817559ffb99ce17a",
            "tags": {
              "Name": "master"
            },
            "tenancy": "default",
            "timeouts": null,
            "user_data": null,
            "user_data_base64": null,
            "volume_tags": {},
            "vpc_security_group_ids": [
              "sg-020f93b008e559e67"
            ]
          },
          "private": "eyJlMmJmYjczMC1lY2FhLTExZTYtOGY4OC0zNDM2M2JjN2M0YzAiOnsiY3JlYXRlIjo2MDAwMDAwMDAwMDAsImRlbGV0ZSI6MTIwMDAwMDAwMDAwMCwidXBkYXRlIjo2MDAwMDAwMDAwMDB9LCJzY2hlbWFfdmVyc2lvbiI6IjEifQ==",
          "dependencies": [
            "aws_key_pair.rancher",
            "aws_security_group.rancher"
          ]
        },
        {
          "index_key": "worker1",
          "schema_version": 1,
          "attributes": {
            "ami": "ami-0c94855ba95c71c99",
            "arn": "arn:aws:ec2:us-east-1:925307459448:instance/i-0441630ea24cc72c8",
            "associate_public_ip_address": true,
            "availability_zone": "us-east-1a",
            "cpu_core_count": 2,
            "cpu_threads_per_core": 1,
            "credit_specification": [
              {
                "cpu_credits": "standard"
              }
            ],
            "disable_api_termination": false,
            "ebs_block_device": [],
            "ebs_optimized": false,
            "ephemeral_block_device": [],
            "get_password_data": false,
            "hibernation": false,
            "host_id": null,
            "iam_instance_profile": "",
            "id": "i-0441630ea24cc72c8",
            "instance_initiated_shutdown_behavior": null,
            "instance_state": "running",
            "instance_type": "t2.medium",
            "ipv6_address_count": 0,
            "ipv6_addresses": [],
            "key_name": "rancher",
            "metadata_options": [
              {
                "http_endpoint": "enabled",
                "http_put_response_hop_limit": 1,
                "http_tokens": "optional"
              }
            ],
            "monitoring": false,
            "network_interface": [],
            "outpost_arn": "",
            "password_data": "",
            "placement_group": "",
            "primary_network_interface_id": "eni-0612ef2c54a67b1fb",
            "private_dns": "ip-172-31-81-255.ec2.internal",
            "private_ip": "172.31.81.255",
            "public_dns": "ec2-3-89-75-240.compute-1.amazonaws.com",
            "public_ip": "3.89.75.240",
            "root_block_device": [
              {
                "delete_on_termination": true,
                "device_name": "/dev/xvda",
                "encrypted": true,
                "iops": 100,
                "kms_key_id": "arn:aws:kms:us-east-1:925307459448:key/296c5d54-7d83-421d-ae76-4e3476d8ed93",
                "volume_id": "vol-0f11feeebd7299aff",
                "volume_size": 8,
                "volume_type": "gp2"
              }
            ],
            "secondary_private_ips": [],
            "security_groups": [
              "rancher-security-group"
            ],
            "source_dest_check": true,
            "subnet_id": "subnet-0817559ffb99ce17a",
            "tags": {
              "Name": "worker1"
            },
            "tenancy": "default",
            "timeouts": null,
            "user_data": null,
            "user_data_base64": null,
            "volume_tags": {},
            "vpc_security_group_ids": [
              "sg-020f93b008e559e67"
            ]
          },
          "private": "eyJlMmJmYjczMC1lY2FhLTExZTYtOGY4OC0zNDM2M2JjN2M0YzAiOnsiY3JlYXRlIjo2MDAwMDAwMDAwMDAsImRlbGV0ZSI6MTIwMDAwMDAwMDAwMCwidXBkYXRlIjo2MDAwMDAwMDAwMDB9LCJzY2hlbWFfdmVyc2lvbiI6IjEifQ==",
          "dependencies": [
            "aws_key_pair.rancher",
            "aws_security_group.rancher"
          ]
        },
        {
          "index_key": "worker2",
          "schema_version": 1,
          "attributes": {
            "ami": "ami-0c94855ba95c71c99",
            "arn": "arn:aws:ec2:us-east-1:925307459448:instance/i-0c740ca674424bc73",
            "associate_public_ip_address": true,
            "availability_zone": "us-east-1a",
            "cpu_core_count": 2,
            "cpu_threads_per_core": 1,
            "credit_specification": [
              {
                "cpu_credits": "standard"
              }
            ],
            "disable_api_termination": false,
            "ebs_block_device": [],
            "ebs_optimized": false,
            "ephemeral_block_device": [],
            "get_password_data": false,
            "hibernation": false,
            "host_id": null,
            "iam_instance_profile": "",
            "id": "i-0c740ca674424bc73",
            "instance_initiated_shutdown_behavior": null,
            "instance_state": "running",
            "instance_type": "t2.medium",
            "ipv6_address_count": 0,
            "ipv6_addresses": [],
            "key_name": "rancher",
            "metadata_options": [
              {
                "http_endpoint": "enabled",
                "http_put_response_hop_limit": 1,
                "http_tokens": "optional"
              }
            ],
            "monitoring": false,
            "network_interface": [],
            "outpost_arn": "",
            "password_data": "",
            "placement_group": "",
            "primary_network_interface_id": "eni-03d0de1bbaff6bf0e",
            "private_dns": "ip-172-31-91-9.ec2.internal",
            "private_ip": "172.31.91.9",
            "public_dns": "ec2-18-207-209-211.compute-1.amazonaws.com",
            "public_ip": "18.207.209.211",
            "root_block_device": [
              {
                "delete_on_termination": true,
                "device_name": "/dev/xvda",
                "encrypted": true,
                "iops": 100,
                "kms_key_id": "arn:aws:kms:us-east-1:925307459448:key/296c5d54-7d83-421d-ae76-4e3476d8ed93",
                "volume_id": "vol-0346c202e1f4f30de",
                "volume_size": 8,
                "volume_type": "gp2"
              }
            ],
            "secondary_private_ips": [],
            "security_groups": [
              "rancher-security-group"
            ],
            "source_dest_check": true,
            "subnet_id": "subnet-0817559ffb99ce17a",
            "tags": {
              "Name": "worker2"
            },
            "tenancy": "default",
            "timeouts": null,
            "user_data": null,
            "user_data_base64": null,
            "volume_tags": {},
            "vpc_security_group_ids": [
              "sg-020f93b008e559e67"
            ]
          },
          "private": "eyJlMmJmYjczMC1lY2FhLTExZTYtOGY4OC0zNDM2M2JjN2M0YzAiOnsiY3JlYXRlIjo2MDAwMDAwMDAwMDAsImRlbGV0ZSI6MTIwMDAwMDAwMDAwMCwidXBkYXRlIjo2MDAwMDAwMDAwMDB9LCJzY2hlbWFfdmVyc2lvbiI6IjEifQ==",
          "dependencies": [
            "aws_key_pair.rancher",
            "aws_security_group.rancher"
          ]
        }
      ]
    },
    {
      "mode": "managed",
      "type": "aws_key_pair",
      "name": "rancher",
      "provider": "provider[\"registry.terraform.io/hashicorp/aws\"]",
      "instances": [
        {
          "schema_version": 1,
          "attributes": {
            "arn": "arn:aws:ec2:us-east-1:925307459448:key-pair/rancher",
            "fingerprint": "cd:08:7a:f5:4f:87:a0:3a:5b:65:c2:dc:98:8b:8b:22",
            "id": "rancher",
            "key_name": "rancher",
            "key_name_prefix": null,
            "key_pair_id": "key-0f519a19cc0679298",
            "public_key": "ssh-rsa AAAAB3NzaC1yc2EAAAADAQABAAABgQDluy4HM8c8/hWXSkweEzCBE2aqIZyN96m51sZOn624HumuSMubzITOB7+6HerO73vSvNbzE7nMEZYa2qeHC4A0HWEE0BMdbr1zq/UQCnPhF+dscxjvvyM8UWx/6B78khWs+cIznqIqkdovrIXXvgvEap7ODanDYQ+VC6Zl5+3OLl4Tl0t7YHptG+hBdHq/sS6ffefyH1WNrR+yFPHVaJro4LrZBI87yCiXQFMWflmbbztLKDCwJYtmHI7G2B8GG9mBl8SgRSNU+vBr1lnb8hhKcxl7CZaGOE3dgtRBIlacTzpVCuxMnBWWKbkzh/03ee3k8KyosPycBjVKDPo0T7mrvD90WCsCWbgWtBCjp10iQ4yqj6kso7vCU01ZlLzPgft15SOKqg2raENfJsyzsz7RHM6nNkqcPPSkDk033eHhHDnU3088/7osA8gpZpAeCnXhCmIx6plGkeW/q7YdRkB170igMmWHybDcfC3P+boht1+ti0OfZiXKgDsUKTf3jRc= sysadmin@sarvjeets-mbp.lan",
            "tags": null
          },
          "private": "eyJzY2hlbWFfdmVyc2lvbiI6IjEifQ=="
        }
      ]
    },
    {
      "mode": "managed",
      "type": "aws_security_group",
      "name": "rancher",
      "provider": "provider[\"registry.terraform.io/hashicorp/aws\"]",
      "instances": [
        {
          "schema_version": 1,
          "attributes": {
            "arn": "arn:aws:ec2:us-east-1:925307459448:security-group/sg-020f93b008e559e67",
            "description": "Allow HTTP, HTTPS and SSH traffic",
            "egress": [
              {
                "cidr_blocks": [
                  "0.0.0.0/0"
                ],
                "description": "",
                "from_port": 0,
                "ipv6_cidr_blocks": [],
                "prefix_list_ids": [],
                "protocol": "-1",
                "security_groups": [],
                "self": false,
                "to_port": 0
              }
            ],
            "id": "sg-020f93b008e559e67",
            "ingress": [
              {
                "cidr_blocks": [
                  "0.0.0.0/0"
                ],
                "description": "HTTP",
                "from_port": 6443,
                "ipv6_cidr_blocks": [],
                "prefix_list_ids": [],
                "protocol": "tcp",
                "security_groups": [],
                "self": false,
                "to_port": 6443
              },
              {
                "cidr_blocks": [
                  "0.0.0.0/0"
                ],
                "description": "HTTP",
                "from_port": 80,
                "ipv6_cidr_blocks": [],
                "prefix_list_ids": [],
                "protocol": "tcp",
                "security_groups": [],
                "self": false,
                "to_port": 80
              },
              {
                "cidr_blocks": [
                  "0.0.0.0/0"
                ],
                "description": "HTTPS",
                "from_port": 443,
                "ipv6_cidr_blocks": [],
                "prefix_list_ids": [],
                "protocol": "tcp",
                "security_groups": [],
                "self": false,
                "to_port": 443
              },
              {
                "cidr_blocks": [
                  "0.0.0.0/0"
                ],
                "description": "SSH",
                "from_port": 22,
                "ipv6_cidr_blocks": [],
                "prefix_list_ids": [],
                "protocol": "tcp",
                "security_groups": [],
                "self": false,
                "to_port": 22
              },
              {
                "cidr_blocks": [],
                "description": "",
                "from_port": 0,
                "ipv6_cidr_blocks": [],
                "prefix_list_ids": [],
                "protocol": "-1",
                "security_groups": [],
                "self": true,
                "to_port": 0
              }
            ],
            "name": "rancher-security-group",
            "name_prefix": "",
            "owner_id": "925307459448",
            "revoke_rules_on_delete": false,
            "tags": {
              "Name": "terraform"
            },
            "timeouts": null,
            "vpc_id": "vpc-0de36ed83622f8c5f"
          },
          "private": "eyJlMmJmYjczMC1lY2FhLTExZTYtOGY4OC0zNDM2M2JjN2M0YzAiOnsiY3JlYXRlIjo2MDAwMDAwMDAwMDAsImRlbGV0ZSI6NjAwMDAwMDAwMDAwfSwic2NoZW1hX3ZlcnNpb24iOiIxIn0="
        }
      ]
    }
  ]
}
